
Microsoft Visual Studio Solution File, Format Version 12.00
# Visual Studio Version 16
VisualStudioVersion = 16.0.31613.86
MinimumVisualStudioVersion = 10.0.40219.1
Project("{FAE04EC0-301F-11D3-BF4B-00C04F79EFBC}") = "PlatziCSharp", "PlatziCSharp\PlatziCSharp.csproj", "{FC48A08F-7450-457C-BB7C-4E04EC62E977}"
EndProject
Global
	GlobalSection(SolutionConfigurationPlatforms) = preSolution
		Debug|Any CPU = Debug|Any CPU
		Release|Any CPU = Release|Any CPU
	EndGlobalSection
	GlobalSection(ProjectConfigurationPlatforms) = postSolution
		{FC48A08F-7450-457C-BB7C-4E04EC62E977}.Debug|Any CPU.ActiveCfg = Debug|Any CPU
		{FC48A08F-7450-457C-BB7C-4E04EC62E977}.Debug|Any CPU.Build.0 = Debug|Any CPU
		{FC48A08F-7450-457C-BB7C-4E04EC62E977}.Release|Any CPU.ActiveCfg = Release|Any CPU
		{FC48A08F-7450-457C-BB7C-4E04EC62E977}.Release|Any CPU.Build.0 = Release|Any CPU
	EndGlobalSection
	GlobalSection(SolutionProperties) = preSolution
		HideSolutionNode = FALSE
	EndGlobalSection
	GlobalSection(ExtensibilityGlobals) = postSolution
		SolutionGuid = {F87EAFD8-F74F-49F3-8721-4F025E4DEA0C}
	EndGlobalSection
EndGlobal
